<?xml version="1.0" encoding="UTF-8"?>
<CONFIG>
  <ProjectOptions>
    <Version Value="9"/>
    <General>
      <Flags>
        <MainUnitHasCreateFormStatements Value="False"/>
        <MainUnitHasTitleStatement Value="False"/>
        <UseDefaultCompilerOptions Value="True"/>
      </Flags>
      <MainUnit Value="0"/>
      <Title Value="slftp"/>
      <UseAppBundle Value="False"/>
      <ResourceType Value="res"/>
    </General>
    <i18n>
      <EnableI18N LFM="False"/>
    </i18n>
    <VersionInfo>
      <StringTable ProductVersion=""/>
    </VersionInfo>
    <BuildModes Count="1" Active="Default">
      <Item1 Name="Default" Default="True"/>
    </BuildModes>
    <PublishOptions>
      <Version Value="2"/>
    </PublishOptions>
    <RunParams>
      <local>
        <FormatVersion Value="1"/>
      </local>
    </RunParams>
    <Units Count="3">
      <Unit0>
        <Filename Value="slftp.lpr"/>
        <IsPartOfProject Value="True"/>
        <TopLine Value="23"/>
        <CursorPos X="20" Y="36"/>
        <UsageCount Value="20"/>
        <Loaded Value="True"/>
        <DefaultSyntaxHighlighter Value="Delphi"/>
      </Unit0>
      <Unit1>
        <Filename Value="tags.pas"/>
        <EditorIndex Value="-1"/>
        <CursorPos X="59" Y="12"/>
        <UsageCount Value="10"/>
        <DefaultSyntaxHighlighter Value="Delphi"/>
      </Unit1>
      <Unit2>
        <Filename Value="mrdohutils.pas"/>
        <IsVisibleTab Value="True"/>
        <EditorIndex Value="1"/>
        <TopLine Value="107"/>
        <CursorPos Y="119"/>
        <UsageCount Value="10"/>
        <Loaded Value="True"/>
        <DefaultSyntaxHighlighter Value="Delphi"/>
      </Unit2>
    </Units>
    <JumpHistory Count="2" HistoryIndex="1">
      <Position1>
        <Filename Value="slftp.lpr"/>
        <Caret TopLine="23"/>
      </Position1>
      <Position2>
        <Filename Value="slftp.lpr"/>
        <Caret Line="49" Column="9" TopLine="23"/>
      </Position2>
    </JumpHistory>
  </ProjectOptions>
  <CompilerOptions>
    <Version Value="11"/>
    <Target>
      <Filename Value="../compiled_test/slftp"/>
    </Target>
    <SearchPaths>
      <IncludeFiles Value="libs;$(ProjOutDir)"/>
      <OtherUnitFiles Value="libs;libs/FastMM4;libs/FLRE;libs/DFFLibV15_UIntList;libs/BeRoHighResolutionTimer;libs/lkJSON;libs/pasmp;libs/rcmdline;libs/TRegExpr"/>
      <UnitOutputDirectory Value="lib/$(TargetCPU)-$(TargetOS)"/>
    </SearchPaths>
    <Parsing>
      <SyntaxOptions>
        <SyntaxMode Value="Delphi"/>
      </SyntaxOptions>
    </Parsing>
  </CompilerOptions>
  <Debugging>
    <BreakPoints Count="1">
      <Item1>
        <Kind Value="bpkSource"/>
        <WatchScope Value="wpsLocal"/>
        <WatchKind Value="wpkWrite"/>
        <Source Value="mrdohutils.pas"/>
        <Line Value="115"/>
      </Item1>
    </BreakPoints>
    <Exceptions Count="3">
      <Item1>
        <Name Value="EAbort"/>
      </Item1>
      <Item2>
        <Name Value="ECodetoolError"/>
      </Item2>
      <Item3>
        <Name Value="EFOpenError"/>
      </Item3>
    </Exceptions>
  </Debugging>
</CONFIG>
